
Microsoft Visual Studio Solution File, Format Version 12.00
# Visual Studio 15
VisualStudioVersion = 15.0.27004.2010
MinimumVisualStudioVersion = 10.0.40219.1
Project("{FAE04EC0-301F-11D3-BF4B-00C04F79EFBC}") = "Ex1", "Ex1\Ex1.csproj", "{842117CD-883B-4F36-8AC3-F532A6881E63}"
EndProject
Project("{FAE04EC0-301F-11D3-BF4B-00C04F79EFBC}") = "Ex2", "Ex2\Ex2.csproj", "{54DBF4A5-CCC4-4CCD-B1E0-7F952CC1418F}"
EndProject
Global
	GlobalSection(SolutionConfigurationPlatforms) = preSolution
		Debug|Any CPU = Debug|Any CPU
		Release|Any CPU = Release|Any CPU
	EndGlobalSection
	GlobalSection(ProjectConfigurationPlatforms) = postSolution
		{842117CD-883B-4F36-8AC3-F532A6881E63}.Debug|Any CPU.ActiveCfg = Debug|Any CPU
		{842117CD-883B-4F36-8AC3-F532A6881E63}.Debug|Any CPU.Build.0 = Debug|Any CPU
		{842117CD-883B-4F36-8AC3-F532A6881E63}.Release|Any CPU.ActiveCfg = Release|Any CPU
		{842117CD-883B-4F36-8AC3-F532A6881E63}.Release|Any CPU.Build.0 = Release|Any CPU
		{54DBF4A5-CCC4-4CCD-B1E0-7F952CC1418F}.Debug|Any CPU.ActiveCfg = Debug|Any CPU
		{54DBF4A5-CCC4-4CCD-B1E0-7F952CC1418F}.Debug|Any CPU.Build.0 = Debug|Any CPU
		{54DBF4A5-CCC4-4CCD-B1E0-7F952CC1418F}.Release|Any CPU.ActiveCfg = Release|Any CPU
		{54DBF4A5-CCC4-4CCD-B1E0-7F952CC1418F}.Release|Any CPU.Build.0 = Release|Any CPU
	EndGlobalSection
	GlobalSection(SolutionProperties) = preSolution
		HideSolutionNode = FALSE
	EndGlobalSection
	GlobalSection(ExtensibilityGlobals) = postSolution
		SolutionGuid = {DE7E9135-88D6-462B-9C0A-BAE0BDA69443}
	EndGlobalSection
EndGlobal
